
Microsoft Visual Studio Solution File, Format Version 12.00
# Visual Studio Version 16
VisualStudioVersion = 16.0.30225.117
MinimumVisualStudioVersion = 10.0.40219.1
Project("{FAE04EC0-301F-11D3-BF4B-00C04F79EFBC}") = "Demo472", "Demo472\Demo472.csproj", "{6A605E24-8E46-438B-B371-6F6414FE5596}"
EndProject
Global
	GlobalSection(SolutionConfigurationPlatforms) = preSolution
		Debug|Any CPU = Debug|Any CPU
		Release|Any CPU = Release|Any CPU
	EndGlobalSection
	GlobalSection(ProjectConfigurationPlatforms) = postSolution
		{6A605E24-8E46-438B-B371-6F6414FE5596}.Debug|Any CPU.ActiveCfg = Debug|Any CPU
		{6A605E24-8E46-438B-B371-6F6414FE5596}.Debug|Any CPU.Build.0 = Debug|Any CPU
		{6A605E24-8E46-438B-B371-6F6414FE5596}.Release|Any CPU.ActiveCfg = Release|Any CPU
		{6A605E24-8E46-438B-B371-6F6414FE5596}.Release|Any CPU.Build.0 = Release|Any CPU
	EndGlobalSection
	GlobalSection(SolutionProperties) = preSolution
		HideSolutionNode = FALSE
	EndGlobalSection
	GlobalSection(ExtensibilityGlobals) = postSolution
		SolutionGuid = {223A3DE8-198A-4DCC-957E-3567E23894B0}
	EndGlobalSection
EndGlobal
